
Microsoft Visual Studio Solution File, Format Version 12.00
Project("{FAE04EC0-301F-11D3-BF4B-00C04F79EFBC}") = "PaylocityCodeAPI", "PaylocityCodeAPI\PaylocityCodeAPI.csproj", "{876E81E5-3D37-4F57-9D0D-0696303C1055}"
EndProject
Project("{FAE04EC0-301F-11D3-BF4B-00C04F79EFBC}") = "TestProject", "TestProject\TestProject.csproj", "{FAB9B245-722D-460E-A7F0-BBD577B40F45}"
EndProject
Global
	GlobalSection(SolutionConfigurationPlatforms) = preSolution
		Debug|Any CPU = Debug|Any CPU
		Release|Any CPU = Release|Any CPU
	EndGlobalSection
	GlobalSection(ProjectConfigurationPlatforms) = postSolution
		{876E81E5-3D37-4F57-9D0D-0696303C1055}.Debug|Any CPU.ActiveCfg = Debug|Any CPU
		{876E81E5-3D37-4F57-9D0D-0696303C1055}.Debug|Any CPU.Build.0 = Debug|Any CPU
		{876E81E5-3D37-4F57-9D0D-0696303C1055}.Release|Any CPU.ActiveCfg = Release|Any CPU
		{876E81E5-3D37-4F57-9D0D-0696303C1055}.Release|Any CPU.Build.0 = Release|Any CPU
		{FAB9B245-722D-460E-A7F0-BBD577B40F45}.Debug|Any CPU.ActiveCfg = Debug|Any CPU
		{FAB9B245-722D-460E-A7F0-BBD577B40F45}.Debug|Any CPU.Build.0 = Debug|Any CPU
		{FAB9B245-722D-460E-A7F0-BBD577B40F45}.Release|Any CPU.ActiveCfg = Release|Any CPU
		{FAB9B245-722D-460E-A7F0-BBD577B40F45}.Release|Any CPU.Build.0 = Release|Any CPU
	EndGlobalSection
EndGlobal
